dependencies:
- name: searchengine-mongo
  repository: file://charts/searchengine-mongo
  version: 0.1.0
- name: searchengine-postgres
  repository: file://charts/searchengine-postgres
  version: 0.1.0
- name: termnet-api
  repository: file://charts/termnetapi
  version: 0.1.0
- name: search-coordinator
  repository: file://charts/coordinator
  version: 0.1.0
- name: indexer
  repository: file://charts/indexer
  version: 0.1.0
- name: redis
  repository: https://charts.bitnami.com/bitnami
  version: 17.3.15
- name: postgresql
  repository: https://charts.bitnami.com/bitnami
  version: 12.10.1
- name: mongodb
  repository: https://charts.bitnami.com/bitnami
  version: 16.5.11
- name: loki-stack
  repository: https://grafana.github.io/helm-charts
  version: 2.9.10
- name: frontend
  repository: file://charts/frontend
  version: 0.1.0
digest: sha256:03c9720e8c5d2f6ef1dc7ce14943f8b1395530027d26ec5c203594e0a9cf9029
generated: "2025-05-24T23:35:33.8226741+02:00"
